// !$*UTF8*$!
{
	archiveVersion = 1;
	classes = {
	};
	objectVersion = 46;
	objects = {

/* Begin PBXBuildFile section */
		41D80BBF16330A5D0069AA15 /* utarray.h in Sources */ = {isa = PBXBuildFile; fileRef = 41D80BBE16330A5D0069AA15 /* utarray.h */; };
		41E4467F161DC32500CE6EF4 /* main.c in Sources */ = {isa = PBXBuildFile; fileRef = 41E4467E161DC32500CE6EF4 /* main.c */; };
		41E44681161DC32500CE6EF4 /* uthspice.1 in CopyFiles */ = {isa = PBXBuildFile; fileRef = 41E44680161DC32500CE6EF4 /* uthspice.1 */; };
/* End PBXBuildFile section */

/* Begin PBXCopyFilesBuildPhase section */
		41E44678161DC32500CE6EF4 /* CopyFiles */ = {
			isa = PBXCopyFilesBuildPhase;
			buildActionMask = 2147483647;
			dstPath = /usr/share/man/man1/;
			dstSubfolderSpec = 0;
			files = (
				41E44681161DC32500CE6EF4 /* uthspice.1 in CopyFiles */,
			);
			runOnlyForDeploymentPostprocessing = 1;
		};
/* End PBXCopyFilesBuildPhase section */

/* Begin PBXFileReference section */
		411B3D001643E5330092A6E3 /* solvers.h */ = {isa = PBXFileReference; lastKnownFileType = sourcecode.c.h; path = solvers.h; sourceTree = "<group>"; };
		41D80BAA1632C61A0069AA15 /* uthash.h */ = {isa = PBXFileReference; fileEncoding = 4; lastKnownFileType = sourcecode.objj.h; path = uthash.h; sourceTree = "<group>"; };
		41D80BAB1632C61A0069AA15 /* utlist.h */ = {isa = PBXFileReference; fileEncoding = 4; lastKnownFileType = sourcecode.objj.h; path = utlist.h; sourceTree = "<group>"; };
		41D80BAF1632D7090069AA15 /* helpers.h */ = {isa = PBXFileReference; fileEncoding = 4; lastKnownFileType = sourcecode.objj.h; path = helpers.h; sourceTree = "<group>"; };
		41D80BB11632D8DB0069AA15 /* types.h */ = {isa = PBXFileReference; fileEncoding = 4; lastKnownFileType = sourcecode.objj.h; path = types.h; sourceTree = "<group>"; };
		41D80BBB1632E3CA0069AA15 /* mna.h */ = {isa = PBXFileReference; fileEncoding = 4; lastKnownFileType = sourcecode.objj.h; path = mna.h; sourceTree = "<group>"; };
		41D80BBE16330A5D0069AA15 /* utarray.h */ = {isa = PBXFileReference; fileEncoding = 4; lastKnownFileType = sourcecode.objj.h; name = utarray.h; path = "../../uthash-1.9.7/src/utarray.h"; sourceTree = "<group>"; };
		41E4467A161DC32500CE6EF4 /* uthspice */ = {isa = PBXFileReference; explicitFileType = "compiled.mach-o.executable"; includeInIndex = 0; path = uthspice; sourceTree = BUILT_PRODUCTS_DIR; };
		41E4467E161DC32500CE6EF4 /* main.c */ = {isa = PBXFileReference; lastKnownFileType = sourcecode.c.c; path = main.c; sourceTree = "<group>"; };
		41E44680161DC32500CE6EF4 /* uthspice.1 */ = {isa = PBXFileReference; lastKnownFileType = text.man; path = uthspice.1; sourceTree = "<group>"; };
/* End PBXFileReference section */

/* Begin PBXFrameworksBuildPhase section */
		41E44677161DC32500CE6EF4 /* Frameworks */ = {
			isa = PBXFrameworksBuildPhase;
			buildActionMask = 2147483647;
			files = (
			);
			runOnlyForDeploymentPostprocessing = 0;
		};
/* End PBXFrameworksBuildPhase section */

/* Begin PBXGroup section */
		41D80BC016330A6B0069AA15 /* uthash */ = {
			isa = PBXGroup;
			children = (
				41D80BBE16330A5D0069AA15 /* utarray.h */,
				41D80BAA1632C61A0069AA15 /* uthash.h */,
				41D80BAB1632C61A0069AA15 /* utlist.h */,
			);
			name = uthash;
			sourceTree = "<group>";
		};
		41E4466F161DC32500CE6EF4 = {
			isa = PBXGroup;
			children = (
				41E4467D161DC32500CE6EF4 /* uthspice */,
				41E4467B161DC32500CE6EF4 /* Products */,
			);
			sourceTree = "<group>";
		};
		41E4467B161DC32500CE6EF4 /* Products */ = {
			isa = PBXGroup;
			children = (
				41E4467A161DC32500CE6EF4 /* uthspice */,
			);
			name = Products;
			sourceTree = "<group>";
		};
		41E4467D161DC32500CE6EF4 /* uthspice */ = {
			isa = PBXGroup;
			children = (
				41D80BC016330A6B0069AA15 /* uthash */,
				41E4467E161DC32500CE6EF4 /* main.c */,
				41D80BB11632D8DB0069AA15 /* types.h */,
				41D80BAF1632D7090069AA15 /* helpers.h */,
				41D80BBB1632E3CA0069AA15 /* mna.h */,
				411B3D001643E5330092A6E3 /* solvers.h */,
				41E44680161DC32500CE6EF4 /* uthspice.1 */,
			);
			path = uthspice;
			sourceTree = "<group>";
		};
/* End PBXGroup section */

/* Begin PBXNativeTarget section */
		41E44679161DC32500CE6EF4 /* uthspice */ = {
			isa = PBXNativeTarget;
			buildConfigurationList = 41E44684161DC32500CE6EF4 /* Build configuration list for PBXNativeTarget "uthspice" */;
			buildPhases = (
				41E44676161DC32500CE6EF4 /* Sources */,
				41E44677161DC32500CE6EF4 /* Frameworks */,
				41E44678161DC32500CE6EF4 /* CopyFiles */,
			);
			buildRules = (
			);
			dependencies = (
			);
			name = uthspice;
			productName = uthspice;
			productReference = 41E4467A161DC32500CE6EF4 /* uthspice */;
			productType = "com.apple.product-type.tool";
		};
/* End PBXNativeTarget section */

/* Begin PBXProject section */
		41E44671161DC32500CE6EF4 /* Project object */ = {
			isa = PBXProject;
			attributes = {
				LastUpgradeCheck = 0450;
				ORGANIZATIONNAME = "@attheodo";
			};
			buildConfigurationList = 41E44674161DC32500CE6EF4 /* Build configuration list for PBXProject "uthspice" */;
			compatibilityVersion = "Xcode 3.2";
			developmentRegion = English;
			hasScannedForEncodings = 0;
			knownRegions = (
				en,
			);
			mainGroup = 41E4466F161DC32500CE6EF4;
			productRefGroup = 41E4467B161DC32500CE6EF4 /* Products */;
			projectDirPath = "";
			projectRoot = "";
			targets = (
				41E44679161DC32500CE6EF4 /* uthspice */,
			);
		};
/* End PBXProject section */

/* Begin PBXSourcesBuildPhase section */
		41E44676161DC32500CE6EF4 /* Sources */ = {
			isa = PBXSourcesBuildPhase;
			buildActionMask = 2147483647;
			files = (
				41E4467F161DC32500CE6EF4 /* main.c in Sources */,
				41D80BBF16330A5D0069AA15 /* utarray.h in Sources */,
			);
			runOnlyForDeploymentPostprocessing = 0;
		};
/* End PBXSourcesBuildPhase section */

/* Begin XCBuildConfiguration section */
		41E44682161DC32500CE6EF4 /* Debug */ = {
			isa = XCBuildConfiguration;
			buildSettings = {
				ALWAYS_SEARCH_USER_PATHS = NO;
				ARCHS = "$(ARCHS_STANDARD_64_BIT)";
				CLANG_CXX_LANGUAGE_STANDARD = "gnu++0x";
				CLANG_CXX_LIBRARY = "libc++";
				CLANG_WARN_EMPTY_BODY = YES;
				CLANG_WARN__DUPLICATE_METHOD_MATCH = YES;
				COPY_PHASE_STRIP = NO;
				GCC_C_LANGUAGE_STANDARD = gnu99;
				GCC_DYNAMIC_NO_PIC = NO;
				GCC_ENABLE_OBJC_EXCEPTIONS = YES;
				GCC_OPTIMIZATION_LEVEL = 0;
				GCC_PREPROCESSOR_DEFINITIONS = (
					"DEBUG=1",
					"$(inherited)",
				);
				GCC_SYMBOLS_PRIVATE_EXTERN = NO;
				GCC_WARN_64_TO_32_BIT_CONVERSION = YES;
				GCC_WARN_ABOUT_RETURN_TYPE = YES;
				GCC_WARN_UNINITIALIZED_AUTOS = YES;
				GCC_WARN_UNUSED_VARIABLE = YES;
				HEADER_SEARCH_PATHS = /usr/local/Cellar/gsl/1.15/include/;
				LIBRARY_SEARCH_PATHS = /usr/local/Cellar/gsl/1.15/lib;
				MACOSX_DEPLOYMENT_TARGET = 10.8;
				ONLY_ACTIVE_ARCH = YES;
				OTHER_LDFLAGS = (
					"-lgsl",
					"-lgslcblas",
				);
				SDKROOT = macosx;
				USER_HEADER_SEARCH_PATHS = /usr/local/include/;
			};
			name = Debug;
		};
		41E44683161DC32500CE6EF4 /* Release */ = {
			isa = XCBuildConfiguration;
			buildSettings = {
				ALWAYS_SEARCH_USER_PATHS = NO;
				ARCHS = "$(ARCHS_STANDARD_64_BIT)";
				CLANG_CXX_LANGUAGE_STANDARD = "gnu++0x";
				CLANG_CXX_LIBRARY = "libc++";
				CLANG_WARN_EMPTY_BODY = YES;
				CLANG_WARN__DUPLICATE_METHOD_MATCH = YES;
				COPY_PHASE_STRIP = YES;
				DEBUG_INFORMATION_FORMAT = "dwarf-with-dsym";
				GCC_C_LANGUAGE_STANDARD = gnu99;
				GCC_ENABLE_OBJC_EXCEPTIONS = YES;
				GCC_WARN_64_TO_32_BIT_CONVERSION = YES;
				GCC_WARN_ABOUT_RETURN_TYPE = YES;
				GCC_WARN_UNINITIALIZED_AUTOS = YES;
				GCC_WARN_UNUSED_VARIABLE = YES;
				HEADER_SEARCH_PATHS = /usr/local/Cellar/gsl/1.15/include/;
				LIBRARY_SEARCH_PATHS = /usr/local/Cellar/gsl/1.15/lib;
				MACOSX_DEPLOYMENT_TARGET = 10.8;
				OTHER_LDFLAGS = (
					"-lgsl",
					"-lgslcblas",
				);
				SDKROOT = macosx;
				USER_HEADER_SEARCH_PATHS = /usr/local/include/;
			};
			name = Release;
		};
		41E44685161DC32500CE6EF4 /* Debug */ = {
			isa = XCBuildConfiguration;
			buildSettings = {
				ARCHS = "$(ARCHS_STANDARD_64_BIT)";
				PRODUCT_NAME = "$(TARGET_NAME)";
			};
			name = Debug;
		};
		41E44686161DC32500CE6EF4 /* Release */ = {
			isa = XCBuildConfiguration;
			buildSettings = {
				ARCHS = "$(ARCHS_STANDARD_64_BIT)";
				PRODUCT_NAME = "$(TARGET_NAME)";
			};
			name = Release;
		};
/* End XCBuildConfiguration section */

/* Begin XCConfigurationList section */
		41E44674161DC32500CE6EF4 /* Build configuration list for PBXProject "uthspice" */ = {
			isa = XCConfigurationList;
			buildConfigurations = (
				41E44682161DC32500CE6EF4 /* Debug */,
				41E44683161DC32500CE6EF4 /* Release */,
			);
			defaultConfigurationIsVisible = 0;
			defaultConfigurationName = Release;
		};
		41E44684161DC32500CE6EF4 /* Build configuration list for PBXNativeTarget "uthspice" */ = {
			isa = XCConfigurationList;
			buildConfigurations = (
				41E44685161DC32500CE6EF4 /* Debug */,
				41E44686161DC32500CE6EF4 /* Release */,
			);
			defaultConfigurationIsVisible = 0;
			defaultConfigurationName = Release;
		};
/* End XCConfigurationList section */
	};
	rootObject = 41E44671161DC32500CE6EF4 /* Project object */;
}
